Microsoft Visual Studio Solution File, Format Version 12.00
# Visual Studio 2012
Project("{FAE04EC0-301F-11D3-BF4B-00C04F79EFBC}") = "turn-based-godot", "turn-based-godot.csproj", "{3966E7C9-3B19-46FB-9EB3-05EF5393C5FC}"
EndProject
Global
	GlobalSection(SolutionConfigurationPlatforms) = preSolution
	Debug|Any CPU = Debug|Any CPU
	ExportDebug|Any CPU = ExportDebug|Any CPU
	ExportRelease|Any CPU = ExportRelease|Any CPU
	EndGlobalSection
	GlobalSection(ProjectConfigurationPlatforms) = postSolution
		{3966E7C9-3B19-46FB-9EB3-05EF5393C5FC}.Debug|Any CPU.ActiveCfg = Debug|Any CPU
		{3966E7C9-3B19-46FB-9EB3-05EF5393C5FC}.Debug|Any CPU.Build.0 = Debug|Any CPU
		{3966E7C9-3B19-46FB-9EB3-05EF5393C5FC}.ExportDebug|Any CPU.ActiveCfg = ExportDebug|Any CPU
		{3966E7C9-3B19-46FB-9EB3-05EF5393C5FC}.ExportDebug|Any CPU.Build.0 = ExportDebug|Any CPU
		{3966E7C9-3B19-46FB-9EB3-05EF5393C5FC}.ExportRelease|Any CPU.ActiveCfg = ExportRelease|Any CPU
		{3966E7C9-3B19-46FB-9EB3-05EF5393C5FC}.ExportRelease|Any CPU.Build.0 = ExportRelease|Any CPU
	EndGlobalSection
EndGlobal
